
Microsoft Visual Studio Solution File, Format Version 12.00
# Visual Studio Version 16
VisualStudioVersion = 16.0.31613.86
MinimumVisualStudioVersion = 10.0.40219.1
Project("{FAE04EC0-301F-11D3-BF4B-00C04F79EFBC}") = "Square", "Square\Square.csproj", "{011A8CA1-3E28-4379-8408-94475B286BAA}"
EndProject
Global
	GlobalSection(SolutionConfigurationPlatforms) = preSolution
		Debug|Any CPU = Debug|Any CPU
		Release|Any CPU = Release|Any CPU
	EndGlobalSection
	GlobalSection(ProjectConfigurationPlatforms) = postSolution
		{011A8CA1-3E28-4379-8408-94475B286BAA}.Debug|Any CPU.ActiveCfg = Debug|Any CPU
		{011A8CA1-3E28-4379-8408-94475B286BAA}.Debug|Any CPU.Build.0 = Debug|Any CPU
		{011A8CA1-3E28-4379-8408-94475B286BAA}.Release|Any CPU.ActiveCfg = Release|Any CPU
		{011A8CA1-3E28-4379-8408-94475B286BAA}.Release|Any CPU.Build.0 = Release|Any CPU
	EndGlobalSection
	GlobalSection(SolutionProperties) = preSolution
		HideSolutionNode = FALSE
	EndGlobalSection
	GlobalSection(ExtensibilityGlobals) = postSolution
		SolutionGuid = {C2F1B07D-E712-419F-83C7-D28D01C50CFB}
	EndGlobalSection
EndGlobal
